
Microsoft Visual Studio Solution File, Format Version 12.00
# Visual Studio Version 17
VisualStudioVersion = 17.2.32616.157
MinimumVisualStudioVersion = 10.0.40219.1
Project("{FAE04EC0-301F-11D3-BF4B-00C04F79EFBC}") = "PNPA", "PNPA\PNPA.csproj", "{050ABD24-E8BB-490F-BD23-11225D4F7AAC}"
EndProject
Global
	GlobalSection(SolutionConfigurationPlatforms) = preSolution
		Debug|Any CPU = Debug|Any CPU
		Release|Any CPU = Release|Any CPU
	EndGlobalSection
	GlobalSection(ProjectConfigurationPlatforms) = postSolution
		{050ABD24-E8BB-490F-BD23-11225D4F7AAC}.Debug|Any CPU.ActiveCfg = Debug|Any CPU
		{050ABD24-E8BB-490F-BD23-11225D4F7AAC}.Debug|Any CPU.Build.0 = Debug|Any CPU
		{050ABD24-E8BB-490F-BD23-11225D4F7AAC}.Release|Any CPU.ActiveCfg = Release|Any CPU
		{050ABD24-E8BB-490F-BD23-11225D4F7AAC}.Release|Any CPU.Build.0 = Release|Any CPU
	EndGlobalSection
	GlobalSection(SolutionProperties) = preSolution
		HideSolutionNode = FALSE
	EndGlobalSection
	GlobalSection(ExtensibilityGlobals) = postSolution
		SolutionGuid = {A21016C4-D915-4EBB-A6AB-CF99CDDF7A37}
	EndGlobalSection
EndGlobal
